
Microsoft Visual Studio Solution File, Format Version 12.00
# Visual Studio Version 17
VisualStudioVersion = 17.10.35201.131
MinimumVisualStudioVersion = 10.0.40219.1
Project("{9A19103F-16F7-4668-BE54-9A1E7A4F7556}") = "Lista_Exercicios", "Lista_Exercicios.csproj", "{879B7403-9E8B-4151-9283-F69D6A0C3FCE}"
EndProject
Project("{9A19103F-16F7-4668-BE54-9A1E7A4F7556}") = "Exercicio1", "..\Exercicio1\Exercicio1.csproj", "{60993069-8558-4FF6-8A1D-E3789F477787}"
EndProject
Project("{9A19103F-16F7-4668-BE54-9A1E7A4F7556}") = "Exercício2", "..\Exercício2\Exercício2.csproj", "{B77BF0D2-09ED-43A8-AB5B-55DE16BED931}"
EndProject
Project("{9A19103F-16F7-4668-BE54-9A1E7A4F7556}") = "Exercício3", "..\Exercício3\Exercício3.csproj", "{0CC7E9C0-21AA-4418-B0EC-4260D8D03408}"
EndProject
Project("{9A19103F-16F7-4668-BE54-9A1E7A4F7556}") = "Exercicio4", "..\Exercicio4\Exercicio4.csproj", "{7AC3132A-F021-4267-8DF3-CB88EAA15E79}"
EndProject
Project("{9A19103F-16F7-4668-BE54-9A1E7A4F7556}") = "Exercicio5", "..\Exercicio5\Exercicio5.csproj", "{EABC608C-AB7D-4609-96AC-695DA9EDDEE8}"
EndProject
Project("{9A19103F-16F7-4668-BE54-9A1E7A4F7556}") = "Exercicio6", "..\Exercicio6\Exercicio6.csproj", "{B9FF2FF4-7399-491A-82DB-C7B04A913E4B}"
EndProject
Project("{9A19103F-16F7-4668-BE54-9A1E7A4F7556}") = "Exercicio7", "..\Exercicio7\Exercicio7.csproj", "{34C8A4EC-633A-4751-A18B-E9BC235D1FA9}"
EndProject
Project("{9A19103F-16F7-4668-BE54-9A1E7A4F7556}") = "Exercicio8", "..\Exercicio8\Exercicio8.csproj", "{5FE8380A-F12E-4277-A49F-AC86A32C2DC1}"
EndProject
Project("{9A19103F-16F7-4668-BE54-9A1E7A4F7556}") = "Exercicio9", "..\Exercicio9\Exercicio9.csproj", "{96BB3E21-F395-414E-A4E7-6AB0350FBF9B}"
EndProject
Project("{9A19103F-16F7-4668-BE54-9A1E7A4F7556}") = "Exercicio10", "..\Exercicio10\Exercicio10.csproj", "{E6F39CE8-1586-47CE-A304-48B8E036D0F0}"
EndProject
Project("{9A19103F-16F7-4668-BE54-9A1E7A4F7556}") = "Exercicio11", "..\Exercicio11\Exercicio11.csproj", "{7E520617-BE36-401B-8BDE-649B3D256889}"
EndProject
Project("{9A19103F-16F7-4668-BE54-9A1E7A4F7556}") = "Exercicio12", "..\Exercicio12\Exercicio12.csproj", "{750E964C-3BD8-4F14-BFCA-004A3DD7E9D9}"
EndProject
Project("{9A19103F-16F7-4668-BE54-9A1E7A4F7556}") = "Exercicio13", "..\Exercicio13\Exercicio13.csproj", "{48CC7626-FCE9-4B39-AEE4-911E35C0B9D1}"
EndProject
Project("{9A19103F-16F7-4668-BE54-9A1E7A4F7556}") = "Exercicio14", "..\Exercicio14\Exercicio14.csproj", "{5ED3A817-7FBB-4518-B338-0D7E01BE9975}"
EndProject
Project("{9A19103F-16F7-4668-BE54-9A1E7A4F7556}") = "Exercicio15", "..\Exercicio15\Exercicio15.csproj", "{4DE27CC6-C0DC-4CFF-953E-FE780C5CC0FA}"
EndProject
Project("{9A19103F-16F7-4668-BE54-9A1E7A4F7556}") = "Exercicio16", "..\Exercicio16\Exercicio16.csproj", "{B1D3FFA6-E72E-4E24-8290-97F94682B510}"
EndProject
Project("{9A19103F-16F7-4668-BE54-9A1E7A4F7556}") = "Exercicio17", "..\Exercicio17\Exercicio17.csproj", "{F003AD9F-BCAA-4FA5-898E-2825B62F1540}"
EndProject
Project("{9A19103F-16F7-4668-BE54-9A1E7A4F7556}") = "Exercicio18", "..\Exercicio18\Exercicio18.csproj", "{34301E5E-207A-4594-A40E-3E1E3DB2A5C8}"
EndProject
Project("{9A19103F-16F7-4668-BE54-9A1E7A4F7556}") = "Exercicio19", "..\Exercicio19\Exercicio19.csproj", "{659DC0A2-0669-480E-A9BB-00C1B6132FB6}"
EndProject
Project("{FAE04EC0-301F-11D3-BF4B-00C04F79EFBC}") = "Exercicio20", "..\Exercicio20\Exercicio20.csproj", "{6A08EF6F-3D5B-445A-AEAF-820E85FE93FB}"
EndProject
Project("{FAE04EC0-301F-11D3-BF4B-00C04F79EFBC}") = "Exercicio21", "..\Exercicio21\Exercicio21.csproj", "{23D950A9-D957-4AEE-9061-44B0B03E38FF}"
EndProject
Project("{FAE04EC0-301F-11D3-BF4B-00C04F79EFBC}") = "Exercicio22", "..\Exercicio22\Exercicio22.csproj", "{F0038334-1F29-44D9-84F2-1612BF644841}"
EndProject
Project("{FAE04EC0-301F-11D3-BF4B-00C04F79EFBC}") = "Exercicio23", "..\Exercicio23\Exercicio23.csproj", "{0B1923B9-CF54-4E3A-B936-8FB09B566E07}"
EndProject
Project("{FAE04EC0-301F-11D3-BF4B-00C04F79EFBC}") = "Exercicio24", "..\Exercicio24\Exercicio24.csproj", "{FAF6F91E-49D7-4BA2-8607-7F53A0C27785}"
EndProject
Project("{FAE04EC0-301F-11D3-BF4B-00C04F79EFBC}") = "Exercicio25", "..\Exercicio25\Exercicio25.csproj", "{3BF7DD48-D66F-4C95-8F09-F4E441FE6257}"
EndProject
Project("{FAE04EC0-301F-11D3-BF4B-00C04F79EFBC}") = "Exercicio26", "..\Exercicio26\Exercicio26.csproj", "{8B5F9A0A-9AA2-4632-899E-A489FFBB2DAC}"
EndProject
Project("{FAE04EC0-301F-11D3-BF4B-00C04F79EFBC}") = "Exercicio27", "..\Exercicio27\Exercicio27.csproj", "{9A7CC266-ACD1-42C1-9843-080066D23A12}"
EndProject
Project("{FAE04EC0-301F-11D3-BF4B-00C04F79EFBC}") = "Exercicio28", "..\Exercicio28\Exercicio28.csproj", "{71382C15-51D1-4530-8C52-E82D82A2F08D}"
EndProject
Project("{FAE04EC0-301F-11D3-BF4B-00C04F79EFBC}") = "Exercicio29", "..\Exercicio29\Exercicio29.csproj", "{7B5152D3-E952-4874-B169-9EAA462B701B}"
EndProject
Project("{FAE04EC0-301F-11D3-BF4B-00C04F79EFBC}") = "Exercicio30", "..\Exercicio30\Exercicio30.csproj", "{70DA7B52-CA92-4E1D-917E-A9421D867BCC}"
EndProject
Project("{FAE04EC0-301F-11D3-BF4B-00C04F79EFBC}") = "Exercicio31", "..\Exercicio31\Exercicio31.csproj", "{C088BB16-7FD3-49A4-BC9C-D4D15A76C7F6}"
EndProject
Project("{FAE04EC0-301F-11D3-BF4B-00C04F79EFBC}") = "Exercicio32", "..\Exercicio32\Exercicio32.csproj", "{AE543902-45C0-434E-9ACA-CDA50E26AD71}"
EndProject
Project("{FAE04EC0-301F-11D3-BF4B-00C04F79EFBC}") = "Exercicio33", "..\Exercicio33\Exercicio33.csproj", "{B8981D9B-98BF-40FE-97F6-52DF463E512E}"
EndProject
Project("{FAE04EC0-301F-11D3-BF4B-00C04F79EFBC}") = "Exercicio34", "..\Exercicio34\Exercicio34.csproj", "{6A8FF6F5-86DA-4E81-9DF1-A60F9CFF7908}"
EndProject
Project("{FAE04EC0-301F-11D3-BF4B-00C04F79EFBC}") = "Exercicio35", "..\Exercicio35\Exercicio35.csproj", "{7AD7443E-E861-4066-A305-0ACF89351286}"
EndProject
Global
	GlobalSection(SolutionConfigurationPlatforms) = preSolution
		Debug|Any CPU = Debug|Any CPU
		Release|Any CPU = Release|Any CPU
	EndGlobalSection
	GlobalSection(ProjectConfigurationPlatforms) = postSolution
		{879B7403-9E8B-4151-9283-F69D6A0C3FCE}.Debug|Any CPU.ActiveCfg = Debug|Any CPU
		{879B7403-9E8B-4151-9283-F69D6A0C3FCE}.Debug|Any CPU.Build.0 = Debug|Any CPU
		{879B7403-9E8B-4151-9283-F69D6A0C3FCE}.Release|Any CPU.ActiveCfg = Release|Any CPU
		{879B7403-9E8B-4151-9283-F69D6A0C3FCE}.Release|Any CPU.Build.0 = Release|Any CPU
		{60993069-8558-4FF6-8A1D-E3789F477787}.Debug|Any CPU.ActiveCfg = Debug|Any CPU
		{60993069-8558-4FF6-8A1D-E3789F477787}.Debug|Any CPU.Build.0 = Debug|Any CPU
		{60993069-8558-4FF6-8A1D-E3789F477787}.Release|Any CPU.ActiveCfg = Release|Any CPU
		{60993069-8558-4FF6-8A1D-E3789F477787}.Release|Any CPU.Build.0 = Release|Any CPU
		{B77BF0D2-09ED-43A8-AB5B-55DE16BED931}.Debug|Any CPU.ActiveCfg = Debug|Any CPU
		{B77BF0D2-09ED-43A8-AB5B-55DE16BED931}.Debug|Any CPU.Build.0 = Debug|Any CPU
		{B77BF0D2-09ED-43A8-AB5B-55DE16BED931}.Release|Any CPU.ActiveCfg = Release|Any CPU
		{B77BF0D2-09ED-43A8-AB5B-55DE16BED931}.Release|Any CPU.Build.0 = Release|Any CPU
		{0CC7E9C0-21AA-4418-B0EC-4260D8D03408}.Debug|Any CPU.ActiveCfg = Debug|Any CPU
		{0CC7E9C0-21AA-4418-B0EC-4260D8D03408}.Debug|Any CPU.Build.0 = Debug|Any CPU
		{0CC7E9C0-21AA-4418-B0EC-4260D8D03408}.Release|Any CPU.ActiveCfg = Release|Any CPU
		{0CC7E9C0-21AA-4418-B0EC-4260D8D03408}.Release|Any CPU.Build.0 = Release|Any CPU
		{7AC3132A-F021-4267-8DF3-CB88EAA15E79}.Debug|Any CPU.ActiveCfg = Debug|Any CPU
		{7AC3132A-F021-4267-8DF3-CB88EAA15E79}.Debug|Any CPU.Build.0 = Debug|Any CPU
		{7AC3132A-F021-4267-8DF3-CB88EAA15E79}.Release|Any CPU.ActiveCfg = Release|Any CPU
		{7AC3132A-F021-4267-8DF3-CB88EAA15E79}.Release|Any CPU.Build.0 = Release|Any CPU
		{EABC608C-AB7D-4609-96AC-695DA9EDDEE8}.Debug|Any CPU.ActiveCfg = Debug|Any CPU
		{EABC608C-AB7D-4609-96AC-695DA9EDDEE8}.Debug|Any CPU.Build.0 = Debug|Any CPU
		{EABC608C-AB7D-4609-96AC-695DA9EDDEE8}.Release|Any CPU.ActiveCfg = Release|Any CPU
		{EABC608C-AB7D-4609-96AC-695DA9EDDEE8}.Release|Any CPU.Build.0 = Release|Any CPU
		{B9FF2FF4-7399-491A-82DB-C7B04A913E4B}.Debug|Any CPU.ActiveCfg = Debug|Any CPU
		{B9FF2FF4-7399-491A-82DB-C7B04A913E4B}.Debug|Any CPU.Build.0 = Debug|Any CPU
		{B9FF2FF4-7399-491A-82DB-C7B04A913E4B}.Release|Any CPU.ActiveCfg = Release|Any CPU
		{B9FF2FF4-7399-491A-82DB-C7B04A913E4B}.Release|Any CPU.Build.0 = Release|Any CPU
		{34C8A4EC-633A-4751-A18B-E9BC235D1FA9}.Debug|Any CPU.ActiveCfg = Debug|Any CPU
		{34C8A4EC-633A-4751-A18B-E9BC235D1FA9}.Debug|Any CPU.Build.0 = Debug|Any CPU
		{34C8A4EC-633A-4751-A18B-E9BC235D1FA9}.Release|Any CPU.ActiveCfg = Release|Any CPU
		{34C8A4EC-633A-4751-A18B-E9BC235D1FA9}.Release|Any CPU.Build.0 = Release|Any CPU
		{5FE8380A-F12E-4277-A49F-AC86A32C2DC1}.Debug|Any CPU.ActiveCfg = Debug|Any CPU
		{5FE8380A-F12E-4277-A49F-AC86A32C2DC1}.Debug|Any CPU.Build.0 = Debug|Any CPU
		{5FE8380A-F12E-4277-A49F-AC86A32C2DC1}.Release|Any CPU.ActiveCfg = Release|Any CPU
		{5FE8380A-F12E-4277-A49F-AC86A32C2DC1}.Release|Any CPU.Build.0 = Release|Any CPU
		{96BB3E21-F395-414E-A4E7-6AB0350FBF9B}.Debug|Any CPU.ActiveCfg = Debug|Any CPU
		{96BB3E21-F395-414E-A4E7-6AB0350FBF9B}.Debug|Any CPU.Build.0 = Debug|Any CPU
		{96BB3E21-F395-414E-A4E7-6AB0350FBF9B}.Release|Any CPU.ActiveCfg = Release|Any CPU
		{96BB3E21-F395-414E-A4E7-6AB0350FBF9B}.Release|Any CPU.Build.0 = Release|Any CPU
		{E6F39CE8-1586-47CE-A304-48B8E036D0F0}.Debug|Any CPU.ActiveCfg = Debug|Any CPU
		{E6F39CE8-1586-47CE-A304-48B8E036D0F0}.Debug|Any CPU.Build.0 = Debug|Any CPU
		{E6F39CE8-1586-47CE-A304-48B8E036D0F0}.Release|Any CPU.ActiveCfg = Release|Any CPU
		{E6F39CE8-1586-47CE-A304-48B8E036D0F0}.Release|Any CPU.Build.0 = Release|Any CPU
		{7E520617-BE36-401B-8BDE-649B3D256889}.Debug|Any CPU.ActiveCfg = Debug|Any CPU
		{7E520617-BE36-401B-8BDE-649B3D256889}.Debug|Any CPU.Build.0 = Debug|Any CPU
		{7E520617-BE36-401B-8BDE-649B3D256889}.Release|Any CPU.ActiveCfg = Release|Any CPU
		{7E520617-BE36-401B-8BDE-649B3D256889}.Release|Any CPU.Build.0 = Release|Any CPU
		{750E964C-3BD8-4F14-BFCA-004A3DD7E9D9}.Debug|Any CPU.ActiveCfg = Debug|Any CPU
		{750E964C-3BD8-4F14-BFCA-004A3DD7E9D9}.Debug|Any CPU.Build.0 = Debug|Any CPU
		{750E964C-3BD8-4F14-BFCA-004A3DD7E9D9}.Release|Any CPU.ActiveCfg = Release|Any CPU
		{750E964C-3BD8-4F14-BFCA-004A3DD7E9D9}.Release|Any CPU.Build.0 = Release|Any CPU
		{48CC7626-FCE9-4B39-AEE4-911E35C0B9D1}.Debug|Any CPU.ActiveCfg = Debug|Any CPU
		{48CC7626-FCE9-4B39-AEE4-911E35C0B9D1}.Debug|Any CPU.Build.0 = Debug|Any CPU
		{48CC7626-FCE9-4B39-AEE4-911E35C0B9D1}.Release|Any CPU.ActiveCfg = Release|Any CPU
		{48CC7626-FCE9-4B39-AEE4-911E35C0B9D1}.Release|Any CPU.Build.0 = Release|Any CPU
		{5ED3A817-7FBB-4518-B338-0D7E01BE9975}.Debug|Any CPU.ActiveCfg = Debug|Any CPU
		{5ED3A817-7FBB-4518-B338-0D7E01BE9975}.Debug|Any CPU.Build.0 = Debug|Any CPU
		{5ED3A817-7FBB-4518-B338-0D7E01BE9975}.Release|Any CPU.ActiveCfg = Release|Any CPU
		{5ED3A817-7FBB-4518-B338-0D7E01BE9975}.Release|Any CPU.Build.0 = Release|Any CPU
		{4DE27CC6-C0DC-4CFF-953E-FE780C5CC0FA}.Debug|Any CPU.ActiveCfg = Debug|Any CPU
		{4DE27CC6-C0DC-4CFF-953E-FE780C5CC0FA}.Debug|Any CPU.Build.0 = Debug|Any CPU
		{4DE27CC6-C0DC-4CFF-953E-FE780C5CC0FA}.Release|Any CPU.ActiveCfg = Release|Any CPU
		{4DE27CC6-C0DC-4CFF-953E-FE780C5CC0FA}.Release|Any CPU.Build.0 = Release|Any CPU
		{B1D3FFA6-E72E-4E24-8290-97F94682B510}.Debug|Any CPU.ActiveCfg = Debug|Any CPU
		{B1D3FFA6-E72E-4E24-8290-97F94682B510}.Debug|Any CPU.Build.0 = Debug|Any CPU
		{B1D3FFA6-E72E-4E24-8290-97F94682B510}.Release|Any CPU.ActiveCfg = Release|Any CPU
		{B1D3FFA6-E72E-4E24-8290-97F94682B510}.Release|Any CPU.Build.0 = Release|Any CPU
		{F003AD9F-BCAA-4FA5-898E-2825B62F1540}.Debug|Any CPU.ActiveCfg = Debug|Any CPU
		{F003AD9F-BCAA-4FA5-898E-2825B62F1540}.Debug|Any CPU.Build.0 = Debug|Any CPU
		{F003AD9F-BCAA-4FA5-898E-2825B62F1540}.Release|Any CPU.ActiveCfg = Release|Any CPU
		{F003AD9F-BCAA-4FA5-898E-2825B62F1540}.Release|Any CPU.Build.0 = Release|Any CPU
		{34301E5E-207A-4594-A40E-3E1E3DB2A5C8}.Debug|Any CPU.ActiveCfg = Debug|Any CPU
		{34301E5E-207A-4594-A40E-3E1E3DB2A5C8}.Debug|Any CPU.Build.0 = Debug|Any CPU
		{34301E5E-207A-4594-A40E-3E1E3DB2A5C8}.Release|Any CPU.ActiveCfg = Release|Any CPU
		{34301E5E-207A-4594-A40E-3E1E3DB2A5C8}.Release|Any CPU.Build.0 = Release|Any CPU
		{659DC0A2-0669-480E-A9BB-00C1B6132FB6}.Debug|Any CPU.ActiveCfg = Debug|Any CPU
		{659DC0A2-0669-480E-A9BB-00C1B6132FB6}.Debug|Any CPU.Build.0 = Debug|Any CPU
		{659DC0A2-0669-480E-A9BB-00C1B6132FB6}.Release|Any CPU.ActiveCfg = Release|Any CPU
		{659DC0A2-0669-480E-A9BB-00C1B6132FB6}.Release|Any CPU.Build.0 = Release|Any CPU
		{6A08EF6F-3D5B-445A-AEAF-820E85FE93FB}.Debug|Any CPU.ActiveCfg = Debug|Any CPU
		{6A08EF6F-3D5B-445A-AEAF-820E85FE93FB}.Debug|Any CPU.Build.0 = Debug|Any CPU
		{6A08EF6F-3D5B-445A-AEAF-820E85FE93FB}.Release|Any CPU.ActiveCfg = Release|Any CPU
		{6A08EF6F-3D5B-445A-AEAF-820E85FE93FB}.Release|Any CPU.Build.0 = Release|Any CPU
		{23D950A9-D957-4AEE-9061-44B0B03E38FF}.Debug|Any CPU.ActiveCfg = Debug|Any CPU
		{23D950A9-D957-4AEE-9061-44B0B03E38FF}.Debug|Any CPU.Build.0 = Debug|Any CPU
		{23D950A9-D957-4AEE-9061-44B0B03E38FF}.Release|Any CPU.ActiveCfg = Release|Any CPU
		{23D950A9-D957-4AEE-9061-44B0B03E38FF}.Release|Any CPU.Build.0 = Release|Any CPU
		{F0038334-1F29-44D9-84F2-1612BF644841}.Debug|Any CPU.ActiveCfg = Debug|Any CPU
		{F0038334-1F29-44D9-84F2-1612BF644841}.Debug|Any CPU.Build.0 = Debug|Any CPU
		{F0038334-1F29-44D9-84F2-1612BF644841}.Release|Any CPU.ActiveCfg = Release|Any CPU
		{F0038334-1F29-44D9-84F2-1612BF644841}.Release|Any CPU.Build.0 = Release|Any CPU
		{0B1923B9-CF54-4E3A-B936-8FB09B566E07}.Debug|Any CPU.ActiveCfg = Debug|Any CPU
		{0B1923B9-CF54-4E3A-B936-8FB09B566E07}.Debug|Any CPU.Build.0 = Debug|Any CPU
		{0B1923B9-CF54-4E3A-B936-8FB09B566E07}.Release|Any CPU.ActiveCfg = Release|Any CPU
		{0B1923B9-CF54-4E3A-B936-8FB09B566E07}.Release|Any CPU.Build.0 = Release|Any CPU
		{FAF6F91E-49D7-4BA2-8607-7F53A0C27785}.Debug|Any CPU.ActiveCfg = Debug|Any CPU
		{FAF6F91E-49D7-4BA2-8607-7F53A0C27785}.Debug|Any CPU.Build.0 = Debug|Any CPU
		{FAF6F91E-49D7-4BA2-8607-7F53A0C27785}.Release|Any CPU.ActiveCfg = Release|Any CPU
		{FAF6F91E-49D7-4BA2-8607-7F53A0C27785}.Release|Any CPU.Build.0 = Release|Any CPU
		{3BF7DD48-D66F-4C95-8F09-F4E441FE6257}.Debug|Any CPU.ActiveCfg = Debug|Any CPU
		{3BF7DD48-D66F-4C95-8F09-F4E441FE6257}.Debug|Any CPU.Build.0 = Debug|Any CPU
		{3BF7DD48-D66F-4C95-8F09-F4E441FE6257}.Release|Any CPU.ActiveCfg = Release|Any CPU
		{3BF7DD48-D66F-4C95-8F09-F4E441FE6257}.Release|Any CPU.Build.0 = Release|Any CPU
		{8B5F9A0A-9AA2-4632-899E-A489FFBB2DAC}.Debug|Any CPU.ActiveCfg = Debug|Any CPU
		{8B5F9A0A-9AA2-4632-899E-A489FFBB2DAC}.Debug|Any CPU.Build.0 = Debug|Any CPU
		{8B5F9A0A-9AA2-4632-899E-A489FFBB2DAC}.Release|Any CPU.ActiveCfg = Release|Any CPU
		{8B5F9A0A-9AA2-4632-899E-A489FFBB2DAC}.Release|Any CPU.Build.0 = Release|Any CPU
		{9A7CC266-ACD1-42C1-9843-080066D23A12}.Debug|Any CPU.ActiveCfg = Debug|Any CPU
		{9A7CC266-ACD1-42C1-9843-080066D23A12}.Debug|Any CPU.Build.0 = Debug|Any CPU
		{9A7CC266-ACD1-42C1-9843-080066D23A12}.Release|Any CPU.ActiveCfg = Release|Any CPU
		{9A7CC266-ACD1-42C1-9843-080066D23A12}.Release|Any CPU.Build.0 = Release|Any CPU
		{71382C15-51D1-4530-8C52-E82D82A2F08D}.Debug|Any CPU.ActiveCfg = Debug|Any CPU
		{71382C15-51D1-4530-8C52-E82D82A2F08D}.Debug|Any CPU.Build.0 = Debug|Any CPU
		{71382C15-51D1-4530-8C52-E82D82A2F08D}.Release|Any CPU.ActiveCfg = Release|Any CPU
		{71382C15-51D1-4530-8C52-E82D82A2F08D}.Release|Any CPU.Build.0 = Release|Any CPU
		{7B5152D3-E952-4874-B169-9EAA462B701B}.Debug|Any CPU.ActiveCfg = Debug|Any CPU
		{7B5152D3-E952-4874-B169-9EAA462B701B}.Debug|Any CPU.Build.0 = Debug|Any CPU
		{7B5152D3-E952-4874-B169-9EAA462B701B}.Release|Any CPU.ActiveCfg = Release|Any CPU
		{7B5152D3-E952-4874-B169-9EAA462B701B}.Release|Any CPU.Build.0 = Release|Any CPU
		{70DA7B52-CA92-4E1D-917E-A9421D867BCC}.Debug|Any CPU.ActiveCfg = Debug|Any CPU
		{70DA7B52-CA92-4E1D-917E-A9421D867BCC}.Debug|Any CPU.Build.0 = Debug|Any CPU
		{70DA7B52-CA92-4E1D-917E-A9421D867BCC}.Release|Any CPU.ActiveCfg = Release|Any CPU
		{70DA7B52-CA92-4E1D-917E-A9421D867BCC}.Release|Any CPU.Build.0 = Release|Any CPU
		{C088BB16-7FD3-49A4-BC9C-D4D15A76C7F6}.Debug|Any CPU.ActiveCfg = Debug|Any CPU
		{C088BB16-7FD3-49A4-BC9C-D4D15A76C7F6}.Debug|Any CPU.Build.0 = Debug|Any CPU
		{C088BB16-7FD3-49A4-BC9C-D4D15A76C7F6}.Release|Any CPU.ActiveCfg = Release|Any CPU
		{C088BB16-7FD3-49A4-BC9C-D4D15A76C7F6}.Release|Any CPU.Build.0 = Release|Any CPU
		{AE543902-45C0-434E-9ACA-CDA50E26AD71}.Debug|Any CPU.ActiveCfg = Debug|Any CPU
		{AE543902-45C0-434E-9ACA-CDA50E26AD71}.Debug|Any CPU.Build.0 = Debug|Any CPU
		{AE543902-45C0-434E-9ACA-CDA50E26AD71}.Release|Any CPU.ActiveCfg = Release|Any CPU
		{AE543902-45C0-434E-9ACA-CDA50E26AD71}.Release|Any CPU.Build.0 = Release|Any CPU
		{B8981D9B-98BF-40FE-97F6-52DF463E512E}.Debug|Any CPU.ActiveCfg = Debug|Any CPU
		{B8981D9B-98BF-40FE-97F6-52DF463E512E}.Debug|Any CPU.Build.0 = Debug|Any CPU
		{B8981D9B-98BF-40FE-97F6-52DF463E512E}.Release|Any CPU.ActiveCfg = Release|Any CPU
		{B8981D9B-98BF-40FE-97F6-52DF463E512E}.Release|Any CPU.Build.0 = Release|Any CPU
		{6A8FF6F5-86DA-4E81-9DF1-A60F9CFF7908}.Debug|Any CPU.ActiveCfg = Debug|Any CPU
		{6A8FF6F5-86DA-4E81-9DF1-A60F9CFF7908}.Debug|Any CPU.Build.0 = Debug|Any CPU
		{6A8FF6F5-86DA-4E81-9DF1-A60F9CFF7908}.Release|Any CPU.ActiveCfg = Release|Any CPU
		{6A8FF6F5-86DA-4E81-9DF1-A60F9CFF7908}.Release|Any CPU.Build.0 = Release|Any CPU
		{7AD7443E-E861-4066-A305-0ACF89351286}.Debug|Any CPU.ActiveCfg = Debug|Any CPU
		{7AD7443E-E861-4066-A305-0ACF89351286}.Debug|Any CPU.Build.0 = Debug|Any CPU
		{7AD7443E-E861-4066-A305-0ACF89351286}.Release|Any CPU.ActiveCfg = Release|Any CPU
		{7AD7443E-E861-4066-A305-0ACF89351286}.Release|Any CPU.Build.0 = Release|Any CPU
	EndGlobalSection
	GlobalSection(SolutionProperties) = preSolution
		HideSolutionNode = FALSE
	EndGlobalSection
	GlobalSection(ExtensibilityGlobals) = postSolution
		SolutionGuid = {4225192E-40F8-491B-89A0-4C356B42B3EF}
	EndGlobalSection
EndGlobal
